<?xml version="1.0" encoding="utf-8"?>
<Project ToolsVersion="4.0" xmlns="http://schemas.microsoft.com/developer/msbuild/2003">
  <ItemGroup>
    <Filter Include="File di origine">
      <UniqueIdentifier>{4FC737F1-C7A5-4376-A066-2A32D752A2FF}</UniqueIdentifier>
      <Extensions>cpp;c;cc;cxx;c++;cppm;ixx;def;odl;idl;hpj;bat;asm;asmx</Extensions>
    </Filter>
    <Filter Include="File di intestazione">
      <UniqueIdentifier>{93995380-89BD-4b04-88EB-625FBE52EBFB}</UniqueIdentifier>
      <Extensions>h;hh;hpp;hxx;h++;hm;inl;inc;ipp;xsd</Extensions>
    </Filter>
    <Filter Include="File di risorse">
      <UniqueIdentifier>{67DA6AB6-F800-4c08-8B7A-83BB121AAD01}</UniqueIdentifier>
      <Extensions>rc;ico;cur;bmp;dlg;rc2;rct;bin;rgs;gif;jpg;jpeg;jpe;resx;tiff;tif;png;wav;mfcribbon-ms</Extensions>
    </Filter>
  </ItemGroup>
  <ItemGroup>
    <ClCompile Include="LAB_04_students\boundingbox.cpp">
      <Filter>File di origine</Filter>
    </ClCompile>
    <ClCompile Include="LAB_04_students\camera.cpp">
      <Filter>File di origine</Filter>
    </ClCompile>
    <ClCompile Include="LAB_04_students\edge.cpp">
      <Filter>File di origine</Filter>
    </ClCompile>
    <ClCompile Include="LAB_04_students\face.cpp">
      <Filter>File di origine</Filter>
    </ClCompile>
    <ClCompile Include="LAB_04_students\glCanvas.cpp">
      <Filter>File di origine</Filter>
    </ClCompile>
    <ClCompile Include="LAB_04_students\LAB_04_students.cpp">
      <Filter>File di origine</Filter>
    </ClCompile>
    <ClCompile Include="LAB_04_students\material.cpp">
      <Filter>File di origine</Filter>
    </ClCompile>
    <ClCompile Include="LAB_04_students\matrix.cpp">
      <Filter>File di origine</Filter>
    </ClCompile>
    <ClCompile Include="LAB_04_students\mesh.cpp">
      <Filter>File di origine</Filter>
    </ClCompile>
    <ClCompile Include="LAB_04_students\radiosity.cpp">
      <Filter>File di origine</Filter>
    </ClCompile>
    <ClCompile Include="LAB_04_students\raytracer_students.cpp">
      <Filter>File di origine</Filter>
    </ClCompile>
    <ClCompile Include="LAB_04_students\raytree.cpp">
      <Filter>File di origine</Filter>
    </ClCompile>
    <ClCompile Include="LAB_04_students\sphere.cpp">
      <Filter>File di origine</Filter>
    </ClCompile>
  </ItemGroup>
  <ItemGroup>
    <ClInclude Include="LAB_04_students\argparser.h">
      <Filter>File di intestazione</Filter>
    </ClInclude>
    <ClInclude Include="LAB_04_students\bag.h">
      <Filter>File di intestazione</Filter>
    </ClInclude>
    <ClInclude Include="LAB_04_students\boundingbox.h">
      <Filter>File di intestazione</Filter>
    </ClInclude>
    <ClInclude Include="LAB_04_students\camera.h">
      <Filter>File di intestazione</Filter>
    </ClInclude>
    <ClInclude Include="LAB_04_students\edge.h">
      <Filter>File di intestazione</Filter>
    </ClInclude>
    <ClInclude Include="LAB_04_students\face.h">
      <Filter>File di intestazione</Filter>
    </ClInclude>
    <ClInclude Include="LAB_04_students\glCanvas.h">
      <Filter>File di intestazione</Filter>
    </ClInclude>
    <ClInclude Include="LAB_04_students\hit.h">
      <Filter>File di intestazione</Filter>
    </ClInclude>
    <ClInclude Include="LAB_04_students\material.h">
      <Filter>File di intestazione</Filter>
    </ClInclude>
    <ClInclude Include="LAB_04_students\matrix.h">
      <Filter>File di intestazione</Filter>
    </ClInclude>
    <ClInclude Include="LAB_04_students\mesh.h">
      <Filter>File di intestazione</Filter>
    </ClInclude>
    <ClInclude Include="LAB_04_students\radiosity.h">
      <Filter>File di intestazione</Filter>
    </ClInclude>
    <ClInclude Include="LAB_04_students\ray.h">
      <Filter>File di intestazione</Filter>
    </ClInclude>
    <ClInclude Include="LAB_04_students\raytracer.h">
      <Filter>File di intestazione</Filter>
    </ClInclude>
    <ClInclude Include="LAB_04_students\raytree.h">
      <Filter>File di intestazione</Filter>
    </ClInclude>
    <ClInclude Include="LAB_04_students\sphere.h">
      <Filter>File di intestazione</Filter>
    </ClInclude>
    <ClInclude Include="LAB_04_students\utils.h">
      <Filter>File di intestazione</Filter>
    </ClInclude>
    <ClInclude Include="LAB_04_students\vectors.h">
      <Filter>File di intestazione</Filter>
    </ClInclude>
    <ClInclude Include="LAB_04_students\vertex.h">
      <Filter>File di intestazione</Filter>
    </ClInclude>
    <ClInclude Include="LAB_04_students\vertex_parent.h">
      <Filter>File di intestazione</Filter>
    </ClInclude>
  </ItemGroup>
  <ItemGroup>
    <None Include="packages.config" />
  </ItemGroup>
</Project>